
Microsoft Visual Studio Solution File, Format Version 12.00
# Visual Studio Version 16
VisualStudioVersion = 16.0.29009.5
MinimumVisualStudioVersion = 10.0.40219.1
Project("{FAE04EC0-301F-11D3-BF4B-00C04F79EFBC}") = "Codebreaker", "Codebreaker\Codebreaker.csproj", "{765CB5FD-A2BA-47C7-A5FC-0060EB55227E}"
EndProject
Global
	GlobalSection(SolutionConfigurationPlatforms) = preSolution
		Debug|x64 = Debug|x64
		Release|x64 = Release|x64
	EndGlobalSection
	GlobalSection(ProjectConfigurationPlatforms) = postSolution
		{765CB5FD-A2BA-47C7-A5FC-0060EB55227E}.Debug|x64.ActiveCfg = Debug|x64
		{765CB5FD-A2BA-47C7-A5FC-0060EB55227E}.Debug|x64.Build.0 = Debug|x64
		{765CB5FD-A2BA-47C7-A5FC-0060EB55227E}.Debug|x64.Deploy.0 = Debug|x64
		{765CB5FD-A2BA-47C7-A5FC-0060EB55227E}.Release|x64.ActiveCfg = Release|x64
		{765CB5FD-A2BA-47C7-A5FC-0060EB55227E}.Release|x64.Build.0 = Release|x64
		{765CB5FD-A2BA-47C7-A5FC-0060EB55227E}.Release|x64.Deploy.0 = Release|x64
	EndGlobalSection
	GlobalSection(SolutionProperties) = preSolution
		HideSolutionNode = FALSE
	EndGlobalSection
	GlobalSection(ExtensibilityGlobals) = postSolution
		SolutionGuid = {75F4CD63-B1D8-4818-A614-AF2ED1096ED9}
	EndGlobalSection
EndGlobal
